
Microsoft Visual Studio Solution File, Format Version 12.00
# Visual Studio Version 16
VisualStudioVersion = 16.0.29306.81
MinimumVisualStudioVersion = 10.0.40219.1
Project("{6EC3EE1D-3C4E-46DD-8F32-0CC8E7565705}") = "TrinomialModel", "TrinomialModel\TrinomialModel.fsproj", "{946944B8-22B8-499D-B740-69BC735E9CC8}"
EndProject
Project("{6EC3EE1D-3C4E-46DD-8F32-0CC8E7565705}") = "TrionamialTestApp", "TrionamialTestApp\TrionamialTestApp.fsproj", "{0EBD7371-8BB3-41B5-97FD-9415B3A1C841}"
EndProject
Global
	GlobalSection(SolutionConfigurationPlatforms) = preSolution
		Debug|Any CPU = Debug|Any CPU
		Debug|x64 = Debug|x64
		Release|Any CPU = Release|Any CPU
		Release|x64 = Release|x64
	EndGlobalSection
	GlobalSection(ProjectConfigurationPlatforms) = postSolution
		{946944B8-22B8-499D-B740-69BC735E9CC8}.Debug|Any CPU.ActiveCfg = Debug|Any CPU
		{946944B8-22B8-499D-B740-69BC735E9CC8}.Debug|Any CPU.Build.0 = Debug|Any CPU
		{946944B8-22B8-499D-B740-69BC735E9CC8}.Debug|x64.ActiveCfg = Debug|Any CPU
		{946944B8-22B8-499D-B740-69BC735E9CC8}.Debug|x64.Build.0 = Debug|Any CPU
		{946944B8-22B8-499D-B740-69BC735E9CC8}.Release|Any CPU.ActiveCfg = Release|Any CPU
		{946944B8-22B8-499D-B740-69BC735E9CC8}.Release|Any CPU.Build.0 = Release|Any CPU
		{946944B8-22B8-499D-B740-69BC735E9CC8}.Release|x64.ActiveCfg = Release|Any CPU
		{946944B8-22B8-499D-B740-69BC735E9CC8}.Release|x64.Build.0 = Release|Any CPU
		{0EBD7371-8BB3-41B5-97FD-9415B3A1C841}.Debug|Any CPU.ActiveCfg = Debug|Any CPU
		{0EBD7371-8BB3-41B5-97FD-9415B3A1C841}.Debug|Any CPU.Build.0 = Debug|Any CPU
		{0EBD7371-8BB3-41B5-97FD-9415B3A1C841}.Debug|x64.ActiveCfg = Debug|Any CPU
		{0EBD7371-8BB3-41B5-97FD-9415B3A1C841}.Debug|x64.Build.0 = Debug|Any CPU
		{0EBD7371-8BB3-41B5-97FD-9415B3A1C841}.Release|Any CPU.ActiveCfg = Release|Any CPU
		{0EBD7371-8BB3-41B5-97FD-9415B3A1C841}.Release|Any CPU.Build.0 = Release|Any CPU
		{0EBD7371-8BB3-41B5-97FD-9415B3A1C841}.Release|x64.ActiveCfg = Release|Any CPU
		{0EBD7371-8BB3-41B5-97FD-9415B3A1C841}.Release|x64.Build.0 = Release|Any CPU
	EndGlobalSection
	GlobalSection(SolutionProperties) = preSolution
		HideSolutionNode = FALSE
	EndGlobalSection
	GlobalSection(ExtensibilityGlobals) = postSolution
		SolutionGuid = {66C1E4C1-7792-4396-A838-4F5EF04F7957}
	EndGlobalSection
EndGlobal
